
Microsoft Visual Studio Solution File, Format Version 12.00
# Visual Studio Version 17
VisualStudioVersion = 17.0.31903.59
MinimumVisualStudioVersion = 10.0.40219.1
Project("{2150E333-8FDC-42A3-9474-1A3956D46DE8}") = "Source", "Source", "{DDFE65B4-40EE-4947-88C5-C0AC47002B01}"
EndProject
Project("{FAE04EC0-301F-11D3-BF4B-00C04F79EFBC}") = "Cliffwald.Client", "Source\Cliffwald.Client\Cliffwald.Client.csproj", "{583ABA79-ABAA-4818-9134-096F68036A6C}"
EndProject
Project("{FAE04EC0-301F-11D3-BF4B-00C04F79EFBC}") = "Cliffwald.Server", "Source\Cliffwald.Server\Cliffwald.Server.csproj", "{4C5E204C-A5C0-48A4-A1CF-326CACFAAB8C}"
EndProject
Project("{FAE04EC0-301F-11D3-BF4B-00C04F79EFBC}") = "Cliffwald.Shared", "Source\Cliffwald.Shared\Cliffwald.Shared.csproj", "{B04458CA-CB70-4097-8E7A-72123B6959FC}"
EndProject
Global
	GlobalSection(SolutionConfigurationPlatforms) = preSolution
		Debug|Any CPU = Debug|Any CPU
		Release|Any CPU = Release|Any CPU
	EndGlobalSection
	GlobalSection(SolutionProperties) = preSolution
		HideSolutionNode = FALSE
	EndGlobalSection
	GlobalSection(ProjectConfigurationPlatforms) = postSolution
		{583ABA79-ABAA-4818-9134-096F68036A6C}.Debug|Any CPU.ActiveCfg = Debug|Any CPU
		{583ABA79-ABAA-4818-9134-096F68036A6C}.Debug|Any CPU.Build.0 = Debug|Any CPU
		{583ABA79-ABAA-4818-9134-096F68036A6C}.Release|Any CPU.ActiveCfg = Release|Any CPU
		{583ABA79-ABAA-4818-9134-096F68036A6C}.Release|Any CPU.Build.0 = Release|Any CPU
		{4C5E204C-A5C0-48A4-A1CF-326CACFAAB8C}.Debug|Any CPU.ActiveCfg = Debug|Any CPU
		{4C5E204C-A5C0-48A4-A1CF-326CACFAAB8C}.Debug|Any CPU.Build.0 = Debug|Any CPU
		{4C5E204C-A5C0-48A4-A1CF-326CACFAAB8C}.Release|Any CPU.ActiveCfg = Release|Any CPU
		{4C5E204C-A5C0-48A4-A1CF-326CACFAAB8C}.Release|Any CPU.Build.0 = Release|Any CPU
		{B04458CA-CB70-4097-8E7A-72123B6959FC}.Debug|Any CPU.ActiveCfg = Debug|Any CPU
		{B04458CA-CB70-4097-8E7A-72123B6959FC}.Debug|Any CPU.Build.0 = Debug|Any CPU
		{B04458CA-CB70-4097-8E7A-72123B6959FC}.Release|Any CPU.ActiveCfg = Release|Any CPU
		{B04458CA-CB70-4097-8E7A-72123B6959FC}.Release|Any CPU.Build.0 = Release|Any CPU
	EndGlobalSection
	GlobalSection(NestedProjects) = preSolution
		{583ABA79-ABAA-4818-9134-096F68036A6C} = {DDFE65B4-40EE-4947-88C5-C0AC47002B01}
		{4C5E204C-A5C0-48A4-A1CF-326CACFAAB8C} = {DDFE65B4-40EE-4947-88C5-C0AC47002B01}
		{B04458CA-CB70-4097-8E7A-72123B6959FC} = {DDFE65B4-40EE-4947-88C5-C0AC47002B01}
	EndGlobalSection
EndGlobal
