
Microsoft Visual Studio Solution File, Format Version 12.00
# Visual Studio Version 17
VisualStudioVersion = 17.0.31903.59
MinimumVisualStudioVersion = 10.0.40219.1
Project("{2150E333-8FDC-42A3-9474-1A3956D46DE8}") = "Source", "Source", "{5E597575-B0A9-450B-85E9-5F1C6691FEF1}"
EndProject
Project("{FAE04EC0-301F-11D3-BF4B-00C04F79EFBC}") = "Cliffwald.Client", "Source\Cliffwald.Client\Cliffwald.Client.csproj", "{4332C0A5-13E2-4DC1-8B20-41A30E764451}"
EndProject
Project("{FAE04EC0-301F-11D3-BF4B-00C04F79EFBC}") = "Cliffwald.Server", "Source\Cliffwald.Server\Cliffwald.Server.csproj", "{EBB3C955-9017-446D-97A3-11E17D0C6158}"
EndProject
Project("{FAE04EC0-301F-11D3-BF4B-00C04F79EFBC}") = "Cliffwald.Shared", "Source\Cliffwald.Shared\Cliffwald.Shared.csproj", "{28C0B735-F756-44A0-8E22-571A856C8043}"
EndProject
Global
	GlobalSection(SolutionConfigurationPlatforms) = preSolution
		Debug|Any CPU = Debug|Any CPU
		Release|Any CPU = Release|Any CPU
	EndGlobalSection
	GlobalSection(SolutionProperties) = preSolution
		HideSolutionNode = FALSE
	EndGlobalSection
	GlobalSection(ProjectConfigurationPlatforms) = postSolution
		{4332C0A5-13E2-4DC1-8B20-41A30E764451}.Debug|Any CPU.ActiveCfg = Debug|Any CPU
		{4332C0A5-13E2-4DC1-8B20-41A30E764451}.Debug|Any CPU.Build.0 = Debug|Any CPU
		{4332C0A5-13E2-4DC1-8B20-41A30E764451}.Release|Any CPU.ActiveCfg = Release|Any CPU
		{4332C0A5-13E2-4DC1-8B20-41A30E764451}.Release|Any CPU.Build.0 = Release|Any CPU
		{EBB3C955-9017-446D-97A3-11E17D0C6158}.Debug|Any CPU.ActiveCfg = Debug|Any CPU
		{EBB3C955-9017-446D-97A3-11E17D0C6158}.Debug|Any CPU.Build.0 = Debug|Any CPU
		{EBB3C955-9017-446D-97A3-11E17D0C6158}.Release|Any CPU.ActiveCfg = Release|Any CPU
		{EBB3C955-9017-446D-97A3-11E17D0C6158}.Release|Any CPU.Build.0 = Release|Any CPU
		{28C0B735-F756-44A0-8E22-571A856C8043}.Debug|Any CPU.ActiveCfg = Debug|Any CPU
		{28C0B735-F756-44A0-8E22-571A856C8043}.Debug|Any CPU.Build.0 = Debug|Any CPU
		{28C0B735-F756-44A0-8E22-571A856C8043}.Release|Any CPU.ActiveCfg = Release|Any CPU
		{28C0B735-F756-44A0-8E22-571A856C8043}.Release|Any CPU.Build.0 = Release|Any CPU
	EndGlobalSection
	GlobalSection(NestedProjects) = preSolution
		{4332C0A5-13E2-4DC1-8B20-41A30E764451} = {5E597575-B0A9-450B-85E9-5F1C6691FEF1}
		{EBB3C955-9017-446D-97A3-11E17D0C6158} = {5E597575-B0A9-450B-85E9-5F1C6691FEF1}
		{28C0B735-F756-44A0-8E22-571A856C8043} = {5E597575-B0A9-450B-85E9-5F1C6691FEF1}
	EndGlobalSection
EndGlobal
